
Microsoft Visual Studio Solution File, Format Version 12.00
# Visual Studio Express 2012 for Windows Desktop
Project("{FAE04EC0-301F-11D3-BF4B-00C04F79EFBC}") = "integra", "integra\integra.csproj", "{DA4778E3-616A-4534-8CE4-8FBD3759B02F}"
EndProject
Project("{FAE04EC0-301F-11D3-BF4B-00C04F79EFBC}") = "IntegraTest", "IntegraTest\IntegraTest.csproj", "{096A0DF9-BBF7-4CD5-BD74-589BA219FB06}"
EndProject
Global
	GlobalSection(SolutionConfigurationPlatforms) = preSolution
		Debug|Any CPU = Debug|Any CPU
		Release|Any CPU = Release|Any CPU
	EndGlobalSection
	GlobalSection(ProjectConfigurationPlatforms) = postSolution
		{DA4778E3-616A-4534-8CE4-8FBD3759B02F}.Debug|Any CPU.ActiveCfg = Debug|Any CPU
		{DA4778E3-616A-4534-8CE4-8FBD3759B02F}.Debug|Any CPU.Build.0 = Debug|Any CPU
		{DA4778E3-616A-4534-8CE4-8FBD3759B02F}.Release|Any CPU.ActiveCfg = Release|Any CPU
		{DA4778E3-616A-4534-8CE4-8FBD3759B02F}.Release|Any CPU.Build.0 = Release|Any CPU
		{096A0DF9-BBF7-4CD5-BD74-589BA219FB06}.Debug|Any CPU.ActiveCfg = Debug|Any CPU
		{096A0DF9-BBF7-4CD5-BD74-589BA219FB06}.Debug|Any CPU.Build.0 = Debug|Any CPU
		{096A0DF9-BBF7-4CD5-BD74-589BA219FB06}.Release|Any CPU.ActiveCfg = Release|Any CPU
		{096A0DF9-BBF7-4CD5-BD74-589BA219FB06}.Release|Any CPU.Build.0 = Release|Any CPU
	EndGlobalSection
	GlobalSection(SolutionProperties) = preSolution
		HideSolutionNode = FALSE
	EndGlobalSection
EndGlobal
